// !$*UTF8*$!
{
	archiveVersion = 1;
	classes = {
	};
	objectVersion = 46;
	objects = {

/* Begin PBXBuildFile section */
		5149FE921B66B7010050510E /* AppView.swift in Sources */ = {isa = PBXBuildFile; fileRef = 5149FE911B66B7010050510E /* AppView.swift */; };
		5149FE941B66B71E0050510E /* GraphView.swift in Sources */ = {isa = PBXBuildFile; fileRef = 5149FE931B66B71E0050510E /* GraphView.swift */; };
		5149FE971B66B7760050510E /* Circle.png in Resources */ = {isa = PBXBuildFile; fileRef = 5149FE951B66B7760050510E /* Circle.png */; };
		5149FE981B66B7760050510E /* Heart.png in Resources */ = {isa = PBXBuildFile; fileRef = 5149FE961B66B7760050510E /* Heart.png */; };
		5A80D4D21B6588640025B229 /* DAO.swift in Sources */ = {isa = PBXBuildFile; fileRef = 5A80D4D11B6588640025B229 /* DAO.swift */; };
		5A80D4D41B658B2C0025B229 /* User.swift in Sources */ = {isa = PBXBuildFile; fileRef = 5A80D4D31B658B2C0025B229 /* User.swift */; };
		5A80D4D61B6597D70025B229 /* Exercise.swift in Sources */ = {isa = PBXBuildFile; fileRef = 5A80D4D51B6597D70025B229 /* Exercise.swift */; };
		5A80D4D81B659C2C0025B229 /* User.plist in Resources */ = {isa = PBXBuildFile; fileRef = 5A80D4D71B659C2C0025B229 /* User.plist */; };
		5A80D4DA1B65B6A70025B229 /* JSONService.swift in Sources */ = {isa = PBXBuildFile; fileRef = 5A80D4D91B65B6A70025B229 /* JSONService.swift */; };
		5ACCED181B66A89000C42674 /* Results.swift in Sources */ = {isa = PBXBuildFile; fileRef = 5ACCED171B66A89000C42674 /* Results.swift */; };
		5ACCED1A1B66B6FA00C42674 /* Results.plist in Resources */ = {isa = PBXBuildFile; fileRef = 5ACCED191B66B6FA00C42674 /* Results.plist */; };
		5ACCED1C1B66D0EC00C42674 /* PushNotification.swift in Sources */ = {isa = PBXBuildFile; fileRef = 5ACCED1B1B66D0EC00C42674 /* PushNotification.swift */; };
		5AE389801B5EC57100210F79 /* AppDelegate.swift in Sources */ = {isa = PBXBuildFile; fileRef = 5AE3897F1B5EC57100210F79 /* AppDelegate.swift */; };
		5AE389821B5EC57100210F79 /* ViewController.swift in Sources */ = {isa = PBXBuildFile; fileRef = 5AE389811B5EC57100210F79 /* ViewController.swift */; };
		5AE389851B5EC57100210F79 /* Main.storyboard in Resources */ = {isa = PBXBuildFile; fileRef = 5AE389831B5EC57100210F79 /* Main.storyboard */; };
		5AE389871B5EC57100210F79 /* Images.xcassets in Resources */ = {isa = PBXBuildFile; fileRef = 5AE389861B5EC57100210F79 /* Images.xcassets */; };
		5AE3898A1B5EC57100210F79 /* LaunchScreen.xib in Resources */ = {isa = PBXBuildFile; fileRef = 5AE389881B5EC57100210F79 /* LaunchScreen.xib */; };
		5AE389961B5EC57100210F79 /* BeatMonitorTests.swift in Sources */ = {isa = PBXBuildFile; fileRef = 5AE389951B5EC57100210F79 /* BeatMonitorTests.swift */; };
		5F5F57151B601D80009EA42E /* Interface.storyboard in Resources */ = {isa = PBXBuildFile; fileRef = 5F5F57131B601D80009EA42E /* Interface.storyboard */; };
		5F5F57171B601D80009EA42E /* Assets.xcassets in Resources */ = {isa = PBXBuildFile; fileRef = 5F5F57161B601D80009EA42E /* Assets.xcassets */; };
		5F5F571E1B601D80009EA42E /* BeatMonitor Watch Extension.appex in Embed App Extensions */ = {isa = PBXBuildFile; fileRef = 5F5F571D1B601D80009EA42E /* BeatMonitor Watch Extension.appex */; settings = {ATTRIBUTES = (RemoveHeadersOnCopy, ); }; };
		5F5F57251B601D80009EA42E /* InterfaceController.swift in Sources */ = {isa = PBXBuildFile; fileRef = 5F5F57241B601D80009EA42E /* InterfaceController.swift */; };
		5F5F57271B601D80009EA42E /* ExtensionDelegate.swift in Sources */ = {isa = PBXBuildFile; fileRef = 5F5F57261B601D80009EA42E /* ExtensionDelegate.swift */; };
		5F5F57291B601D80009EA42E /* NotificationController.swift in Sources */ = {isa = PBXBuildFile; fileRef = 5F5F57281B601D80009EA42E /* NotificationController.swift */; };
		5F5F572B1B601D80009EA42E /* GlanceController.swift in Sources */ = {isa = PBXBuildFile; fileRef = 5F5F572A1B601D80009EA42E /* GlanceController.swift */; };
		5F5F572D1B601D80009EA42E /* Assets.xcassets in Resources */ = {isa = PBXBuildFile; fileRef = 5F5F572C1B601D80009EA42E /* Assets.xcassets */; };
		5F5F57311B601D80009EA42E /* BeatMonitor Watch.app in Embed Watch Content */ = {isa = PBXBuildFile; fileRef = 5F5F57111B601D80009EA42E /* BeatMonitor Watch.app */; };
		5FC186421B613718008EEA68 /* Rectangle 413 Copy@2x.png in Resources */ = {isa = PBXBuildFile; fileRef = 5FC1863F1B613718008EEA68 /* Rectangle 413 Copy@2x.png */; };
		5FC186431B613718008EEA68 /* Rectangle 413 Copy.png in Resources */ = {isa = PBXBuildFile; fileRef = 5FC186401B613718008EEA68 /* Rectangle 413 Copy.png */; };
		5FC186441B613718008EEA68 /* Rectangle 413 Copy@3x.png in Resources */ = {isa = PBXBuildFile; fileRef = 5FC186411B613718008EEA68 /* Rectangle 413 Copy@3x.png */; };
		94A785231B66CE7D00D8D007 /* HealthKit.framework in Frameworks */ = {isa = PBXBuildFile; fileRef = 94A785221B66CE7D00D8D007 /* HealthKit.framework */; };
		94A785271B66CEC600D8D007 /* HealthKit.framework in Frameworks */ = {isa = PBXBuildFile; fileRef = 94A785261B66CEC600D8D007 /* HealthKit.framework */; };
/* End PBXBuildFile section */

/* Begin PBXContainerItemProxy section */
		5AE389901B5EC57100210F79 /* PBXContainerItemProxy */ = {
			isa = PBXContainerItemProxy;
			containerPortal = 5AE389721B5EC57100210F79 /* Project object */;
			proxyType = 1;
			remoteGlobalIDString = 5AE389791B5EC57100210F79;
			remoteInfo = BeatMonitor;
		};
		5F5F571F1B601D80009EA42E /* PBXContainerItemProxy */ = {
			isa = PBXContainerItemProxy;
			containerPortal = 5AE389721B5EC57100210F79 /* Project object */;
			proxyType = 1;
			remoteGlobalIDString = 5F5F571C1B601D80009EA42E;
			remoteInfo = "BeatMonitor Watch Extension";
		};
		5F5F572F1B601D80009EA42E /* PBXContainerItemProxy */ = {
			isa = PBXContainerItemProxy;
			containerPortal = 5AE389721B5EC57100210F79 /* Project object */;
			proxyType = 1;
			remoteGlobalIDString = 5F5F57101B601D80009EA42E;
			remoteInfo = "BeatMonitor Watch";
		};
/* End PBXContainerItemProxy section */

/* Begin PBXCopyFilesBuildPhase section */
		5F5F57351B601D80009EA42E /* Embed App Extensions */ = {
			isa = PBXCopyFilesBuildPhase;
			buildActionMask = 2147483647;
			dstPath = "";
			dstSubfolderSpec = 13;
			files = (
				5F5F571E1B601D80009EA42E /* BeatMonitor Watch Extension.appex in Embed App Extensions */,
			);
			name = "Embed App Extensions";
			runOnlyForDeploymentPostprocessing = 0;
		};
		5F5F57391B601D80009EA42E /* Embed Watch Content */ = {
			isa = PBXCopyFilesBuildPhase;
			buildActionMask = 2147483647;
			dstPath = "$(CONTENTS_FOLDER_PATH)/Watch";
			dstSubfolderSpec = 16;
			files = (
				5F5F57311B601D80009EA42E /* BeatMonitor Watch.app in Embed Watch Content */,
			);
			name = "Embed Watch Content";
			runOnlyForDeploymentPostprocessing = 0;
		};
/* End PBXCopyFilesBuildPhase section */

/* Begin PBXFileReference section */
		5149FE911B66B7010050510E /* AppView.swift */ = {isa = PBXFileReference; fileEncoding = 4; lastKnownFileType = sourcecode.swift; path = AppView.swift; sourceTree = "<group>"; };
		5149FE931B66B71E0050510E /* GraphView.swift */ = {isa = PBXFileReference; fileEncoding = 4; lastKnownFileType = sourcecode.swift; path = GraphView.swift; sourceTree = "<group>"; };
		5149FE951B66B7760050510E /* Circle.png */ = {isa = PBXFileReference; lastKnownFileType = image.png; path = Circle.png; sourceTree = "<group>"; };
		5149FE961B66B7760050510E /* Heart.png */ = {isa = PBXFileReference; lastKnownFileType = image.png; path = Heart.png; sourceTree = "<group>"; };
		5A80D4D11B6588640025B229 /* DAO.swift */ = {isa = PBXFileReference; fileEncoding = 4; lastKnownFileType = sourcecode.swift; path = DAO.swift; sourceTree = "<group>"; };
		5A80D4D31B658B2C0025B229 /* User.swift */ = {isa = PBXFileReference; fileEncoding = 4; lastKnownFileType = sourcecode.swift; path = User.swift; sourceTree = "<group>"; };
		5A80D4D51B6597D70025B229 /* Exercise.swift */ = {isa = PBXFileReference; fileEncoding = 4; lastKnownFileType = sourcecode.swift; path = Exercise.swift; sourceTree = "<group>"; };
		5A80D4D71B659C2C0025B229 /* User.plist */ = {isa = PBXFileReference; fileEncoding = 4; lastKnownFileType = text.plist.xml; path = User.plist; sourceTree = "<group>"; };
		5A80D4D91B65B6A70025B229 /* JSONService.swift */ = {isa = PBXFileReference; fileEncoding = 4; lastKnownFileType = sourcecode.swift; path = JSONService.swift; sourceTree = "<group>"; };
		5ACCED171B66A89000C42674 /* Results.swift */ = {isa = PBXFileReference; fileEncoding = 4; lastKnownFileType = sourcecode.swift; path = Results.swift; sourceTree = "<group>"; };
		5ACCED191B66B6FA00C42674 /* Results.plist */ = {isa = PBXFileReference; fileEncoding = 4; lastKnownFileType = text.plist.xml; path = Results.plist; sourceTree = "<group>"; };
		5ACCED1B1B66D0EC00C42674 /* PushNotification.swift */ = {isa = PBXFileReference; fileEncoding = 4; lastKnownFileType = sourcecode.swift; path = PushNotification.swift; sourceTree = "<group>"; };
		5AE3897A1B5EC57100210F79 /* BeatMonitor.app */ = {isa = PBXFileReference; explicitFileType = wrapper.application; includeInIndex = 0; path = BeatMonitor.app; sourceTree = BUILT_PRODUCTS_DIR; };
		5AE3897E1B5EC57100210F79 /* Info.plist */ = {isa = PBXFileReference; lastKnownFileType = text.plist.xml; path = Info.plist; sourceTree = "<group>"; };
		5AE3897F1B5EC57100210F79 /* AppDelegate.swift */ = {isa = PBXFileReference; lastKnownFileType = sourcecode.swift; path = AppDelegate.swift; sourceTree = "<group>"; };
		5AE389811B5EC57100210F79 /* ViewController.swift */ = {isa = PBXFileReference; lastKnownFileType = sourcecode.swift; path = ViewController.swift; sourceTree = "<group>"; };
		5AE389841B5EC57100210F79 /* Base */ = {isa = PBXFileReference; lastKnownFileType = file.storyboard; name = Base; path = Base.lproj/Main.storyboard; sourceTree = "<group>"; };
		5AE389861B5EC57100210F79 /* Images.xcassets */ = {isa = PBXFileReference; lastKnownFileType = folder.assetcatalog; path = Images.xcassets; sourceTree = "<group>"; };
		5AE389891B5EC57100210F79 /* Base */ = {isa = PBXFileReference; lastKnownFileType = file.xib; name = Base; path = Base.lproj/LaunchScreen.xib; sourceTree = "<group>"; };
		5AE3898F1B5EC57100210F79 /* BeatMonitorTests.xctest */ = {isa = PBXFileReference; explicitFileType = wrapper.cfbundle; includeInIndex = 0; path = BeatMonitorTests.xctest; sourceTree = BUILT_PRODUCTS_DIR; };
		5AE389941B5EC57100210F79 /* Info.plist */ = {isa = PBXFileReference; lastKnownFileType = text.plist.xml; path = Info.plist; sourceTree = "<group>"; };
		5AE389951B5EC57100210F79 /* BeatMonitorTests.swift */ = {isa = PBXFileReference; lastKnownFileType = sourcecode.swift; path = BeatMonitorTests.swift; sourceTree = "<group>"; };
		5F5F57111B601D80009EA42E /* BeatMonitor Watch.app */ = {isa = PBXFileReference; explicitFileType = wrapper.application; includeInIndex = 0; path = "BeatMonitor Watch.app"; sourceTree = BUILT_PRODUCTS_DIR; };
		5F5F57141B601D80009EA42E /* Base */ = {isa = PBXFileReference; lastKnownFileType = file.storyboard; name = Base; path = Base.lproj/Interface.storyboard; sourceTree = "<group>"; };
		5F5F57161B601D80009EA42E /* Assets.xcassets */ = {isa = PBXFileReference; lastKnownFileType = folder.assetcatalog; path = Assets.xcassets; sourceTree = "<group>"; };
		5F5F57181B601D80009EA42E /* Info.plist */ = {isa = PBXFileReference; lastKnownFileType = text.plist.xml; path = Info.plist; sourceTree = "<group>"; };
		5F5F571D1B601D80009EA42E /* BeatMonitor Watch Extension.appex */ = {isa = PBXFileReference; explicitFileType = "wrapper.app-extension"; includeInIndex = 0; path = "BeatMonitor Watch Extension.appex"; sourceTree = BUILT_PRODUCTS_DIR; };
		5F5F57231B601D80009EA42E /* PushNotificationPayload.apns */ = {isa = PBXFileReference; lastKnownFileType = text; path = PushNotificationPayload.apns; sourceTree = "<group>"; };
		5F5F57241B601D80009EA42E /* InterfaceController.swift */ = {isa = PBXFileReference; lastKnownFileType = sourcecode.swift; path = InterfaceController.swift; sourceTree = "<group>"; };
		5F5F57261B601D80009EA42E /* ExtensionDelegate.swift */ = {isa = PBXFileReference; lastKnownFileType = sourcecode.swift; path = ExtensionDelegate.swift; sourceTree = "<group>"; };
		5F5F57281B601D80009EA42E /* NotificationController.swift */ = {isa = PBXFileReference; lastKnownFileType = sourcecode.swift; path = NotificationController.swift; sourceTree = "<group>"; };
		5F5F572A1B601D80009EA42E /* GlanceController.swift */ = {isa = PBXFileReference; lastKnownFileType = sourcecode.swift; path = GlanceController.swift; sourceTree = "<group>"; };
		5F5F572C1B601D80009EA42E /* Assets.xcassets */ = {isa = PBXFileReference; lastKnownFileType = folder.assetcatalog; path = Assets.xcassets; sourceTree = "<group>"; };
		5F5F572E1B601D80009EA42E /* Info.plist */ = {isa = PBXFileReference; lastKnownFileType = text.plist.xml; path = Info.plist; sourceTree = "<group>"; };
		5FC1863F1B613718008EEA68 /* Rectangle 413 Copy@2x.png */ = {isa = PBXFileReference; lastKnownFileType = image.png; path = "Rectangle 413 Copy@2x.png"; sourceTree = "<group>"; };
		5FC186401B613718008EEA68 /* Rectangle 413 Copy.png */ = {isa = PBXFileReference; lastKnownFileType = image.png; path = "Rectangle 413 Copy.png"; sourceTree = "<group>"; };
		5FC186411B613718008EEA68 /* Rectangle 413 Copy@3x.png */ = {isa = PBXFileReference; lastKnownFileType = image.png; path = "Rectangle 413 Copy@3x.png"; sourceTree = "<group>"; };
		94A785221B66CE7D00D8D007 /* HealthKit.framework */ = {isa = PBXFileReference; lastKnownFileType = wrapper.framework; name = HealthKit.framework; path = Platforms/WatchOS.platform/Developer/SDKs/WatchOS2.0.sdk/System/Library/Frameworks/HealthKit.framework; sourceTree = DEVELOPER_DIR; };
		94A785241B66CE7D00D8D007 /* BeatMonitor Watch Extension.entitlements */ = {isa = PBXFileReference; lastKnownFileType = text.xml; path = "BeatMonitor Watch Extension.entitlements"; sourceTree = "<group>"; };
		94A785251B66CEC600D8D007 /* BeatMonitor.entitlements */ = {isa = PBXFileReference; lastKnownFileType = text.xml; path = BeatMonitor.entitlements; sourceTree = "<group>"; };
		94A785261B66CEC600D8D007 /* HealthKit.framework */ = {isa = PBXFileReference; lastKnownFileType = wrapper.framework; name = HealthKit.framework; path = System/Library/Frameworks/HealthKit.framework; sourceTree = SDKROOT; };
/* End PBXFileReference section */

/* Begin PBXFrameworksBuildPhase section */
		5AE389771B5EC57100210F79 /* Frameworks */ = {
			isa = PBXFrameworksBuildPhase;
			buildActionMask = 2147483647;
			files = (
				94A785271B66CEC600D8D007 /* HealthKit.framework in Frameworks */,
			);
			runOnlyForDeploymentPostprocessing = 0;
		};
		5AE3898C1B5EC57100210F79 /* Frameworks */ = {
			isa = PBXFrameworksBuildPhase;
			buildActionMask = 2147483647;
			files = (
			);
			runOnlyForDeploymentPostprocessing = 0;
		};
		5F5F571A1B601D80009EA42E /* Frameworks */ = {
			isa = PBXFrameworksBuildPhase;
			buildActionMask = 2147483647;
			files = (
				94A785231B66CE7D00D8D007 /* HealthKit.framework in Frameworks */,
			);
			runOnlyForDeploymentPostprocessing = 0;
		};
/* End PBXFrameworksBuildPhase section */

/* Begin PBXGroup section */
		5AE389711B5EC57100210F79 = {
			isa = PBXGroup;
			children = (
				94A785261B66CEC600D8D007 /* HealthKit.framework */,
				94A785221B66CE7D00D8D007 /* HealthKit.framework */,
				5149FE951B66B7760050510E /* Circle.png */,
				5149FE961B66B7760050510E /* Heart.png */,
				5FC1863F1B613718008EEA68 /* Rectangle 413 Copy@2x.png */,
				5FC186401B613718008EEA68 /* Rectangle 413 Copy.png */,
				5FC186411B613718008EEA68 /* Rectangle 413 Copy@3x.png */,
				5AE3897C1B5EC57100210F79 /* BeatMonitor */,
				5AE389921B5EC57100210F79 /* BeatMonitorTests */,
				5F5F57121B601D80009EA42E /* BeatMonitor Watch */,
				5F5F57211B601D80009EA42E /* BeatMonitor Watch Extension */,
				5AE3897B1B5EC57100210F79 /* Products */,
			);
			sourceTree = "<group>";
		};
		5AE3897B1B5EC57100210F79 /* Products */ = {
			isa = PBXGroup;
			children = (
				5AE3897A1B5EC57100210F79 /* BeatMonitor.app */,
				5AE3898F1B5EC57100210F79 /* BeatMonitorTests.xctest */,
				5F5F57111B601D80009EA42E /* BeatMonitor Watch.app */,
				5F5F571D1B601D80009EA42E /* BeatMonitor Watch Extension.appex */,
			);
			name = Products;
			sourceTree = "<group>";
		};
		5AE3897C1B5EC57100210F79 /* BeatMonitor */ = {
			isa = PBXGroup;
			children = (
				94A785251B66CEC600D8D007 /* BeatMonitor.entitlements */,
				5AE389A11B5EC59D00210F79 /* view */,
				5AE389A01B5EC58C00210F79 /* interactor */,
				5AE3899F1B5EC58500210F79 /* presenter */,
				5AE389A21B5EC5E200210F79 /* entity */,
				5AE389A31B5EC5E900210F79 /* routing */,
				5AE3897D1B5EC57100210F79 /* Supporting Files */,
			);
			path = BeatMonitor;
			sourceTree = "<group>";
		};
		5AE3897D1B5EC57100210F79 /* Supporting Files */ = {
			isa = PBXGroup;
			children = (
				5AE3897F1B5EC57100210F79 /* AppDelegate.swift */,
				5AE389861B5EC57100210F79 /* Images.xcassets */,
				5AE3897E1B5EC57100210F79 /* Info.plist */,
				5A80D4D71B659C2C0025B229 /* User.plist */,
				5ACCED191B66B6FA00C42674 /* Results.plist */,
			);
			name = "Supporting Files";
			sourceTree = "<group>";
		};
		5AE389921B5EC57100210F79 /* BeatMonitorTests */ = {
			isa = PBXGroup;
			children = (
				5AE389951B5EC57100210F79 /* BeatMonitorTests.swift */,
				5AE389931B5EC57100210F79 /* Supporting Files */,
			);
			path = BeatMonitorTests;
			sourceTree = "<group>";
		};
		5AE389931B5EC57100210F79 /* Supporting Files */ = {
			isa = PBXGroup;
			children = (
				5AE389941B5EC57100210F79 /* Info.plist */,
			);
			name = "Supporting Files";
			sourceTree = "<group>";
		};
		5AE3899F1B5EC58500210F79 /* presenter */ = {
			isa = PBXGroup;
			children = (
				5AE389811B5EC57100210F79 /* ViewController.swift */,
			);
			name = presenter;
			sourceTree = "<group>";
		};
		5AE389A01B5EC58C00210F79 /* interactor */ = {
			isa = PBXGroup;
			children = (
				5A80D4D11B6588640025B229 /* DAO.swift */,
				5A80D4D91B65B6A70025B229 /* JSONService.swift */,
				5ACCED1B1B66D0EC00C42674 /* PushNotification.swift */,
			);
			name = interactor;
			sourceTree = "<group>";
		};
		5AE389A11B5EC59D00210F79 /* view */ = {
			isa = PBXGroup;
			children = (
				5AE389831B5EC57100210F79 /* Main.storyboard */,
				5AE389881B5EC57100210F79 /* LaunchScreen.xib */,
				5149FE911B66B7010050510E /* AppView.swift */,
				5149FE931B66B71E0050510E /* GraphView.swift */,
			);
			name = view;
			sourceTree = "<group>";
		};
		5AE389A21B5EC5E200210F79 /* entity */ = {
			isa = PBXGroup;
			children = (
				5A80D4D31B658B2C0025B229 /* User.swift */,
				5A80D4D51B6597D70025B229 /* Exercise.swift */,
				5ACCED171B66A89000C42674 /* Results.swift */,
			);
			name = entity;
			sourceTree = "<group>";
		};
		5AE389A31B5EC5E900210F79 /* routing */ = {
			isa = PBXGroup;
			children = (
			);
			name = routing;
			sourceTree = "<group>";
		};
		5F5F57121B601D80009EA42E /* BeatMonitor Watch */ = {
			isa = PBXGroup;
			children = (
				5F5F57131B601D80009EA42E /* Interface.storyboard */,
				5F5F57161B601D80009EA42E /* Assets.xcassets */,
				5F5F57181B601D80009EA42E /* Info.plist */,
			);
			path = "BeatMonitor Watch";
			sourceTree = "<group>";
		};
		5F5F57211B601D80009EA42E /* BeatMonitor Watch Extension */ = {
			isa = PBXGroup;
			children = (
				94A785241B66CE7D00D8D007 /* BeatMonitor Watch Extension.entitlements */,
				5F5F57241B601D80009EA42E /* InterfaceController.swift */,
				5F5F57261B601D80009EA42E /* ExtensionDelegate.swift */,
				5F5F57281B601D80009EA42E /* NotificationController.swift */,
				5F5F572A1B601D80009EA42E /* GlanceController.swift */,
				5F5F572C1B601D80009EA42E /* Assets.xcassets */,
				5F5F572E1B601D80009EA42E /* Info.plist */,
				5F5F57221B601D80009EA42E /* Supporting Files */,
			);
			path = "BeatMonitor Watch Extension";
			sourceTree = "<group>";
		};
		5F5F57221B601D80009EA42E /* Supporting Files */ = {
			isa = PBXGroup;
			children = (
				5F5F57231B601D80009EA42E /* PushNotificationPayload.apns */,
			);
			name = "Supporting Files";
			sourceTree = "<group>";
		};
/* End PBXGroup section */

/* Begin PBXNativeTarget section */
		5AE389791B5EC57100210F79 /* BeatMonitor */ = {
			isa = PBXNativeTarget;
			buildConfigurationList = 5AE389991B5EC57100210F79 /* Build configuration list for PBXNativeTarget "BeatMonitor" */;
			buildPhases = (
				5AE389761B5EC57100210F79 /* Sources */,
				5AE389771B5EC57100210F79 /* Frameworks */,
				5AE389781B5EC57100210F79 /* Resources */,
				5F5F57391B601D80009EA42E /* Embed Watch Content */,
			);
			buildRules = (
			);
			dependencies = (
				5F5F57301B601D80009EA42E /* PBXTargetDependency */,
			);
			name = BeatMonitor;
			productName = BeatMonitor;
			productReference = 5AE3897A1B5EC57100210F79 /* BeatMonitor.app */;
			productType = "com.apple.product-type.application";
		};
		5AE3898E1B5EC57100210F79 /* BeatMonitorTests */ = {
			isa = PBXNativeTarget;
			buildConfigurationList = 5AE3899C1B5EC57100210F79 /* Build configuration list for PBXNativeTarget "BeatMonitorTests" */;
			buildPhases = (
				5AE3898B1B5EC57100210F79 /* Sources */,
				5AE3898C1B5EC57100210F79 /* Frameworks */,
				5AE3898D1B5EC57100210F79 /* Resources */,
			);
			buildRules = (
			);
			dependencies = (
				5AE389911B5EC57100210F79 /* PBXTargetDependency */,
			);
			name = BeatMonitorTests;
			productName = BeatMonitorTests;
			productReference = 5AE3898F1B5EC57100210F79 /* BeatMonitorTests.xctest */;
			productType = "com.apple.product-type.bundle.unit-test";
		};
		5F5F57101B601D80009EA42E /* BeatMonitor Watch */ = {
			isa = PBXNativeTarget;
			buildConfigurationList = 5F5F57361B601D80009EA42E /* Build configuration list for PBXNativeTarget "BeatMonitor Watch" */;
			buildPhases = (
				5F5F570F1B601D80009EA42E /* Resources */,
				5F5F57351B601D80009EA42E /* Embed App Extensions */,
			);
			buildRules = (
			);
			dependencies = (
				5F5F57201B601D80009EA42E /* PBXTargetDependency */,
			);
			name = "BeatMonitor Watch";
			productName = "BeatMonitor Watch";
			productReference = 5F5F57111B601D80009EA42E /* BeatMonitor Watch.app */;
			productType = "com.apple.product-type.application.watchapp2";
		};
		5F5F571C1B601D80009EA42E /* BeatMonitor Watch Extension */ = {
			isa = PBXNativeTarget;
			buildConfigurationList = 5F5F57321B601D80009EA42E /* Build configuration list for PBXNativeTarget "BeatMonitor Watch Extension" */;
			buildPhases = (
				5F5F57191B601D80009EA42E /* Sources */,
				5F5F571A1B601D80009EA42E /* Frameworks */,
				5F5F571B1B601D80009EA42E /* Resources */,
			);
			buildRules = (
			);
			dependencies = (
			);
			name = "BeatMonitor Watch Extension";
			productName = "BeatMonitor Watch Extension";
			productReference = 5F5F571D1B601D80009EA42E /* BeatMonitor Watch Extension.appex */;
			productType = "com.apple.product-type.watchkit2-extension";
		};
/* End PBXNativeTarget section */

/* Begin PBXProject section */
		5AE389721B5EC57100210F79 /* Project object */ = {
			isa = PBXProject;
			attributes = {
				LastSwiftUpdateCheck = 0700;
				LastUpgradeCheck = 0700;
				ORGANIZATIONNAME = "Douglas Mandarino";
				TargetAttributes = {
					5AE389791B5EC57100210F79 = {
						CreatedOnToolsVersion = 6.4;
						DevelopmentTeam = H8UTHN35FS;
						SystemCapabilities = {
							com.apple.HealthKit = {
								enabled = 1;
							};
						};
					};
					5AE3898E1B5EC57100210F79 = {
						CreatedOnToolsVersion = 6.4;
						TestTargetID = 5AE389791B5EC57100210F79;
					};
					5F5F57101B601D80009EA42E = {
						CreatedOnToolsVersion = 7.0;
						DevelopmentTeam = H8UTHN35FS;
					};
					5F5F571C1B601D80009EA42E = {
						CreatedOnToolsVersion = 7.0;
						DevelopmentTeam = H8UTHN35FS;
						SystemCapabilities = {
							com.apple.HealthKit = {
								enabled = 1;
							};
						};
					};
				};
			};
			buildConfigurationList = 5AE389751B5EC57100210F79 /* Build configuration list for PBXProject "BeatMonitor" */;
			compatibilityVersion = "Xcode 3.2";
			developmentRegion = English;
			hasScannedForEncodings = 0;
			knownRegions = (
				en,
				Base,
			);
			mainGroup = 5AE389711B5EC57100210F79;
			productRefGroup = 5AE3897B1B5EC57100210F79 /* Products */;
			projectDirPath = "";
			projectRoot = "";
			targets = (
				5AE389791B5EC57100210F79 /* BeatMonitor */,
				5AE3898E1B5EC57100210F79 /* BeatMonitorTests */,
				5F5F57101B601D80009EA42E /* BeatMonitor Watch */,
				5F5F571C1B601D80009EA42E /* BeatMonitor Watch Extension */,
			);
		};
/* End PBXProject section */

/* Begin PBXResourcesBuildPhase section */
		5AE389781B5EC57100210F79 /* Resources */ = {
			isa = PBXResourcesBuildPhase;
			buildActionMask = 2147483647;
			files = (
				5AE389851B5EC57100210F79 /* Main.storyboard in Resources */,
				5ACCED1A1B66B6FA00C42674 /* Results.plist in Resources */,
				5AE3898A1B5EC57100210F79 /* LaunchScreen.xib in Resources */,
				5FC186421B613718008EEA68 /* Rectangle 413 Copy@2x.png in Resources */,
				5FC186431B613718008EEA68 /* Rectangle 413 Copy.png in Resources */,
				5AE389871B5EC57100210F79 /* Images.xcassets in Resources */,
				5FC186441B613718008EEA68 /* Rectangle 413 Copy@3x.png in Resources */,
				5149FE981B66B7760050510E /* Heart.png in Resources */,
				5A80D4D81B659C2C0025B229 /* User.plist in Resources */,
				5149FE971B66B7760050510E /* Circle.png in Resources */,
			);
			runOnlyForDeploymentPostprocessing = 0;
		};
		5AE3898D1B5EC57100210F79 /* Resources */ = {
			isa = PBXResourcesBuildPhase;
			buildActionMask = 2147483647;
			files = (
			);
			runOnlyForDeploymentPostprocessing = 0;
		};
		5F5F570F1B601D80009EA42E /* Resources */ = {
			isa = PBXResourcesBuildPhase;
			buildActionMask = 2147483647;
			files = (
				5F5F57171B601D80009EA42E /* Assets.xcassets in Resources */,
				5F5F57151B601D80009EA42E /* Interface.storyboard in Resources */,
			);
			runOnlyForDeploymentPostprocessing = 0;
		};
		5F5F571B1B601D80009EA42E /* Resources */ = {
			isa = PBXResourcesBuildPhase;
			buildActionMask = 2147483647;
			files = (
				5F5F572D1B601D80009EA42E /* Assets.xcassets in Resources */,
			);
			runOnlyForDeploymentPostprocessing = 0;
		};
/* End PBXResourcesBuildPhase section */

/* Begin PBXSourcesBuildPhase section */
		5AE389761B5EC57100210F79 /* Sources */ = {
			isa = PBXSourcesBuildPhase;
			buildActionMask = 2147483647;
			files = (
				5A80D4D61B6597D70025B229 /* Exercise.swift in Sources */,
				5A80D4D41B658B2C0025B229 /* User.swift in Sources */,
				5ACCED1C1B66D0EC00C42674 /* PushNotification.swift in Sources */,
				5149FE941B66B71E0050510E /* GraphView.swift in Sources */,
				5A80D4D21B6588640025B229 /* DAO.swift in Sources */,
				5ACCED181B66A89000C42674 /* Results.swift in Sources */,
				5149FE921B66B7010050510E /* AppView.swift in Sources */,
				5A80D4DA1B65B6A70025B229 /* JSONService.swift in Sources */,
				5AE389821B5EC57100210F79 /* ViewController.swift in Sources */,
				5AE389801B5EC57100210F79 /* AppDelegate.swift in Sources */,
			);
			runOnlyForDeploymentPostprocessing = 0;
		};
		5AE3898B1B5EC57100210F79 /* Sources */ = {
			isa = PBXSourcesBuildPhase;
			buildActionMask = 2147483647;
			files = (
				5AE389961B5EC57100210F79 /* BeatMonitorTests.swift in Sources */,
			);
			runOnlyForDeploymentPostprocessing = 0;
		};
		5F5F57191B601D80009EA42E /* Sources */ = {
			isa = PBXSourcesBuildPhase;
			buildActionMask = 2147483647;
			files = (
				5F5F57291B601D80009EA42E /* NotificationController.swift in Sources */,
				5F5F57271B601D80009EA42E /* ExtensionDelegate.swift in Sources */,
				5F5F57251B601D80009EA42E /* InterfaceController.swift in Sources */,
				5F5F572B1B601D80009EA42E /* GlanceController.swift in Sources */,
			);
			runOnlyForDeploymentPostprocessing = 0;
		};
/* End PBXSourcesBuildPhase section */

/* Begin PBXTargetDependency section */
		5AE389911B5EC57100210F79 /* PBXTargetDependency */ = {
			isa = PBXTargetDependency;
			target = 5AE389791B5EC57100210F79 /* BeatMonitor */;
			targetProxy = 5AE389901B5EC57100210F79 /* PBXContainerItemProxy */;
		};
		5F5F57201B601D80009EA42E /* PBXTargetDependency */ = {
			isa = PBXTargetDependency;
			target = 5F5F571C1B601D80009EA42E /* BeatMonitor Watch Extension */;
			targetProxy = 5F5F571F1B601D80009EA42E /* PBXContainerItemProxy */;
		};
		5F5F57301B601D80009EA42E /* PBXTargetDependency */ = {
			isa = PBXTargetDependency;
			target = 5F5F57101B601D80009EA42E /* BeatMonitor Watch */;
			targetProxy = 5F5F572F1B601D80009EA42E /* PBXContainerItemProxy */;
		};
/* End PBXTargetDependency section */

/* Begin PBXVariantGroup section */
		5AE389831B5EC57100210F79 /* Main.storyboard */ = {
			isa = PBXVariantGroup;
			children = (
				5AE389841B5EC57100210F79 /* Base */,
			);
			name = Main.storyboard;
			sourceTree = "<group>";
		};
		5AE389881B5EC57100210F79 /* LaunchScreen.xib */ = {
			isa = PBXVariantGroup;
			children = (
				5AE389891B5EC57100210F79 /* Base */,
			);
			name = LaunchScreen.xib;
			sourceTree = "<group>";
		};
		5F5F57131B601D80009EA42E /* Interface.storyboard */ = {
			isa = PBXVariantGroup;
			children = (
				5F5F57141B601D80009EA42E /* Base */,
			);
			name = Interface.storyboard;
			sourceTree = "<group>";
		};
/* End PBXVariantGroup section */

/* Begin XCBuildConfiguration section */
		5AE389971B5EC57100210F79 /* Debug */ = {
			isa = XCBuildConfiguration;
			buildSettings = {
				ALWAYS_SEARCH_USER_PATHS = NO;
				CLANG_CXX_LANGUAGE_STANDARD = "gnu++0x";
				CLANG_CXX_LIBRARY = "libc++";
				CLANG_ENABLE_MODULES = YES;
				CLANG_ENABLE_OBJC_ARC = YES;
				CLANG_WARN_BOOL_CONVERSION = YES;
				CLANG_WARN_CONSTANT_CONVERSION = YES;
				CLANG_WARN_DIRECT_OBJC_ISA_USAGE = YES_ERROR;
				CLANG_WARN_EMPTY_BODY = YES;
				CLANG_WARN_ENUM_CONVERSION = YES;
				CLANG_WARN_INT_CONVERSION = YES;
				CLANG_WARN_OBJC_ROOT_CLASS = YES_ERROR;
				CLANG_WARN_UNREACHABLE_CODE = YES;
				CLANG_WARN__DUPLICATE_METHOD_MATCH = YES;
				"CODE_SIGN_IDENTITY[sdk=iphoneos*]" = "iPhone Developer";
				COPY_PHASE_STRIP = NO;
				DEBUG_INFORMATION_FORMAT = "dwarf-with-dsym";
				ENABLE_STRICT_OBJC_MSGSEND = YES;
				ENABLE_TESTABILITY = YES;
				GCC_C_LANGUAGE_STANDARD = gnu99;
				GCC_DYNAMIC_NO_PIC = NO;
				GCC_NO_COMMON_BLOCKS = YES;
				GCC_OPTIMIZATION_LEVEL = 0;
				GCC_PREPROCESSOR_DEFINITIONS = (
					"DEBUG=1",
					"$(inherited)",
				);
				GCC_SYMBOLS_PRIVATE_EXTERN = NO;
				GCC_WARN_64_TO_32_BIT_CONVERSION = YES;
				GCC_WARN_ABOUT_RETURN_TYPE = YES_ERROR;
				GCC_WARN_UNDECLARED_SELECTOR = YES;
				GCC_WARN_UNINITIALIZED_AUTOS = YES_AGGRESSIVE;
				GCC_WARN_UNUSED_FUNCTION = YES;
				GCC_WARN_UNUSED_VARIABLE = YES;
				IPHONEOS_DEPLOYMENT_TARGET = 9.0;
				MTL_ENABLE_DEBUG_INFO = YES;
				ONLY_ACTIVE_ARCH = YES;
				SDKROOT = iphoneos;
				SWIFT_OPTIMIZATION_LEVEL = "-Onone";
			};
			name = Debug;
		};
		5AE389981B5EC57100210F79 /* Release */ = {
			isa = XCBuildConfiguration;
			buildSettings = {
				ALWAYS_SEARCH_USER_PATHS = NO;
				CLANG_CXX_LANGUAGE_STANDARD = "gnu++0x";
				CLANG_CXX_LIBRARY = "libc++";
				CLANG_ENABLE_MODULES = YES;
				CLANG_ENABLE_OBJC_ARC = YES;
				CLANG_WARN_BOOL_CONVERSION = YES;
				CLANG_WARN_CONSTANT_CONVERSION = YES;
				CLANG_WARN_DIRECT_OBJC_ISA_USAGE = YES_ERROR;
				CLANG_WARN_EMPTY_BODY = YES;
				CLANG_WARN_ENUM_CONVERSION = YES;
				CLANG_WARN_INT_CONVERSION = YES;
				CLANG_WARN_OBJC_ROOT_CLASS = YES_ERROR;
				CLANG_WARN_UNREACHABLE_CODE = YES;
				CLANG_WARN__DUPLICATE_METHOD_MATCH = YES;
				"CODE_SIGN_IDENTITY[sdk=iphoneos*]" = "iPhone Developer";
				COPY_PHASE_STRIP = NO;
				DEBUG_INFORMATION_FORMAT = "dwarf-with-dsym";
				ENABLE_NS_ASSERTIONS = NO;
				ENABLE_STRICT_OBJC_MSGSEND = YES;
				GCC_C_LANGUAGE_STANDARD = gnu99;
				GCC_NO_COMMON_BLOCKS = YES;
				GCC_WARN_64_TO_32_BIT_CONVERSION = YES;
				GCC_WARN_ABOUT_RETURN_TYPE = YES_ERROR;
				GCC_WARN_UNDECLARED_SELECTOR = YES;
				GCC_WARN_UNINITIALIZED_AUTOS = YES_AGGRESSIVE;
				GCC_WARN_UNUSED_FUNCTION = YES;
				GCC_WARN_UNUSED_VARIABLE = YES;
				IPHONEOS_DEPLOYMENT_TARGET = 9.0;
				MTL_ENABLE_DEBUG_INFO = NO;
				SDKROOT = iphoneos;
				VALIDATE_PRODUCT = YES;
			};
			name = Release;
		};
		5AE3899A1B5EC57100210F79 /* Debug */ = {
			isa = XCBuildConfiguration;
			buildSettings = {
				ASSETCATALOG_COMPILER_APPICON_NAME = AppIcon;
				CODE_SIGN_ENTITLEMENTS = BeatMonitor/BeatMonitor.entitlements;
				CODE_SIGN_IDENTITY = "iPhone Developer";
				"CODE_SIGN_IDENTITY[sdk=iphoneos*]" = "iPhone Developer";
				INFOPLIST_FILE = BeatMonitor/Info.plist;
				LD_RUNPATH_SEARCH_PATHS = "$(inherited) @executable_path/Frameworks";
				PRODUCT_BUNDLE_IDENTIFIER = "bdjv.$(PRODUCT_NAME:rfc1034identifier)";
				PRODUCT_NAME = "$(TARGET_NAME)";
				PROVISIONING_PROFILE = "";
			};
			name = Debug;
		};
		5AE3899B1B5EC57100210F79 /* Release */ = {
			isa = XCBuildConfiguration;
			buildSettings = {
				ASSETCATALOG_COMPILER_APPICON_NAME = AppIcon;
				CODE_SIGN_ENTITLEMENTS = BeatMonitor/BeatMonitor.entitlements;
				CODE_SIGN_IDENTITY = "iPhone Developer";
				"CODE_SIGN_IDENTITY[sdk=iphoneos*]" = "iPhone Developer";
				INFOPLIST_FILE = BeatMonitor/Info.plist;
				LD_RUNPATH_SEARCH_PATHS = "$(inherited) @executable_path/Frameworks";
				PRODUCT_BUNDLE_IDENTIFIER = "bdjv.$(PRODUCT_NAME:rfc1034identifier)";
				PRODUCT_NAME = "$(TARGET_NAME)";
				PROVISIONING_PROFILE = "";
			};
			name = Release;
		};
		5AE3899D1B5EC57100210F79 /* Debug */ = {
			isa = XCBuildConfiguration;
			buildSettings = {
				BUNDLE_LOADER = "$(TEST_HOST)";
				FRAMEWORK_SEARCH_PATHS = (
					"$(SDKROOT)/Developer/Library/Frameworks",
					"$(inherited)",
				);
				GCC_PREPROCESSOR_DEFINITIONS = (
					"DEBUG=1",
					"$(inherited)",
				);
				INFOPLIST_FILE = BeatMonitorTests/Info.plist;
				LD_RUNPATH_SEARCH_PATHS = "$(inherited) @executable_path/Frameworks @loader_path/Frameworks";
				PRODUCT_BUNDLE_IDENTIFIER = "bdjv.$(PRODUCT_NAME:rfc1034identifier)";
				PRODUCT_NAME = "$(TARGET_NAME)";
				TEST_HOST = "$(BUILT_PRODUCTS_DIR)/BeatMonitor.app/BeatMonitor";
			};
			name = Debug;
		};
		5AE3899E1B5EC57100210F79 /* Release */ = {
			isa = XCBuildConfiguration;
			buildSettings = {
				BUNDLE_LOADER = "$(TEST_HOST)";
				FRAMEWORK_SEARCH_PATHS = (
					"$(SDKROOT)/Developer/Library/Frameworks",
					"$(inherited)",
				);
				INFOPLIST_FILE = BeatMonitorTests/Info.plist;
				LD_RUNPATH_SEARCH_PATHS = "$(inherited) @executable_path/Frameworks @loader_path/Frameworks";
				PRODUCT_BUNDLE_IDENTIFIER = "bdjv.$(PRODUCT_NAME:rfc1034identifier)";
				PRODUCT_NAME = "$(TARGET_NAME)";
				TEST_HOST = "$(BUILT_PRODUCTS_DIR)/BeatMonitor.app/BeatMonitor";
			};
			name = Release;
		};
		5F5F57331B601D80009EA42E /* Debug */ = {
			isa = XCBuildConfiguration;
			buildSettings = {
				CODE_SIGN_ENTITLEMENTS = "BeatMonitor Watch Extension/BeatMonitor Watch Extension.entitlements";
				CODE_SIGN_IDENTITY = "iPhone Developer";
				"CODE_SIGN_IDENTITY[sdk=watchos*]" = "iPhone Developer";
				DEBUG_INFORMATION_FORMAT = dwarf;
				INFOPLIST_FILE = "BeatMonitor Watch Extension/Info.plist";
				LD_RUNPATH_SEARCH_PATHS = "$(inherited) @executable_path/Frameworks @executable_path/../../Frameworks";
				PRODUCT_BUNDLE_IDENTIFIER = bdjv.BeatMonitor.watchkitapp.watchkitextension;
				PRODUCT_NAME = "${TARGET_NAME}";
				PROVISIONING_PROFILE = "";
				SDKROOT = watchos;
				SKIP_INSTALL = YES;
				TARGETED_DEVICE_FAMILY = 4;
				WATCHOS_DEPLOYMENT_TARGET = 2.0;
			};
			name = Debug;
		};
		5F5F57341B601D80009EA42E /* Release */ = {
			isa = XCBuildConfiguration;
			buildSettings = {
				CODE_SIGN_ENTITLEMENTS = "BeatMonitor Watch Extension/BeatMonitor Watch Extension.entitlements";
				CODE_SIGN_IDENTITY = "iPhone Developer";
				"CODE_SIGN_IDENTITY[sdk=watchos*]" = "iPhone Developer";
				INFOPLIST_FILE = "BeatMonitor Watch Extension/Info.plist";
				LD_RUNPATH_SEARCH_PATHS = "$(inherited) @executable_path/Frameworks @executable_path/../../Frameworks";
				PRODUCT_BUNDLE_IDENTIFIER = bdjv.BeatMonitor.watchkitapp.watchkitextension;
				PRODUCT_NAME = "${TARGET_NAME}";
				PROVISIONING_PROFILE = "";
				SDKROOT = watchos;
				SKIP_INSTALL = YES;
				TARGETED_DEVICE_FAMILY = 4;
				WATCHOS_DEPLOYMENT_TARGET = 2.0;
			};
			name = Release;
		};
		5F5F57371B601D80009EA42E /* Debug */ = {
			isa = XCBuildConfiguration;
			buildSettings = {
				ASSETCATALOG_COMPILER_APPICON_NAME = AppIcon;
				CODE_SIGN_IDENTITY = "iPhone Developer";
				"CODE_SIGN_IDENTITY[sdk=iphoneos*]" = "iPhone Developer";
				"CODE_SIGN_IDENTITY[sdk=watchos*]" = "iPhone Developer";
				DEBUG_INFORMATION_FORMAT = dwarf;
				EMBEDDED_CONTENT_CONTAINS_SWIFT = YES;
				IBSC_MODULE = BeatMonitor_Watch_Extension;
				INFOPLIST_FILE = "BeatMonitor Watch/Info.plist";
				PRODUCT_BUNDLE_IDENTIFIER = bdjv.BeatMonitor.watchkitapp;
				PRODUCT_NAME = "$(TARGET_NAME)";
				SDKROOT = watchos;
				SKIP_INSTALL = YES;
				TARGETED_DEVICE_FAMILY = 4;
				WATCHOS_DEPLOYMENT_TARGET = 2.0;
			};
			name = Debug;
		};
		5F5F57381B601D80009EA42E /* Release */ = {
			isa = XCBuildConfiguration;
			buildSettings = {
				ASSETCATALOG_COMPILER_APPICON_NAME = AppIcon;
				CODE_SIGN_IDENTITY = "iPhone Developer";
				"CODE_SIGN_IDENTITY[sdk=iphoneos*]" = "iPhone Developer";
				"CODE_SIGN_IDENTITY[sdk=watchos*]" = "iPhone Developer";
				EMBEDDED_CONTENT_CONTAINS_SWIFT = YES;
				IBSC_MODULE = BeatMonitor_Watch_Extension;
				INFOPLIST_FILE = "BeatMonitor Watch/Info.plist";
				PRODUCT_BUNDLE_IDENTIFIER = bdjv.BeatMonitor.watchkitapp;
				PRODUCT_NAME = "$(TARGET_NAME)";
				SDKROOT = watchos;
				SKIP_INSTALL = YES;
				TARGETED_DEVICE_FAMILY = 4;
				WATCHOS_DEPLOYMENT_TARGET = 2.0;
			};
			name = Release;
		};
/* End XCBuildConfiguration section */

/* Begin XCConfigurationList section */
		5AE389751B5EC57100210F79 /* Build configuration list for PBXProject "BeatMonitor" */ = {
			isa = XCConfigurationList;
			buildConfigurations = (
				5AE389971B5EC57100210F79 /* Debug */,
				5AE389981B5EC57100210F79 /* Release */,
			);
			defaultConfigurationIsVisible = 0;
			defaultConfigurationName = Release;
		};
		5AE389991B5EC57100210F79 /* Build configuration list for PBXNativeTarget "BeatMonitor" */ = {
			isa = XCConfigurationList;
			buildConfigurations = (
				5AE3899A1B5EC57100210F79 /* Debug */,
				5AE3899B1B5EC57100210F79 /* Release */,
			);
			defaultConfigurationIsVisible = 0;
			defaultConfigurationName = Release;
		};
		5AE3899C1B5EC57100210F79 /* Build configuration list for PBXNativeTarget "BeatMonitorTests" */ = {
			isa = XCConfigurationList;
			buildConfigurations = (
				5AE3899D1B5EC57100210F79 /* Debug */,
				5AE3899E1B5EC57100210F79 /* Release */,
			);
			defaultConfigurationIsVisible = 0;
			defaultConfigurationName = Release;
		};
		5F5F57321B601D80009EA42E /* Build configuration list for PBXNativeTarget "BeatMonitor Watch Extension" */ = {
			isa = XCConfigurationList;
			buildConfigurations = (
				5F5F57331B601D80009EA42E /* Debug */,
				5F5F57341B601D80009EA42E /* Release */,
			);
			defaultConfigurationIsVisible = 0;
			defaultConfigurationName = Release;
		};
		5F5F57361B601D80009EA42E /* Build configuration list for PBXNativeTarget "BeatMonitor Watch" */ = {
			isa = XCConfigurationList;
			buildConfigurations = (
				5F5F57371B601D80009EA42E /* Debug */,
				5F5F57381B601D80009EA42E /* Release */,
			);
			defaultConfigurationIsVisible = 0;
			defaultConfigurationName = Release;
		};
/* End XCConfigurationList section */
	};
	rootObject = 5AE389721B5EC57100210F79 /* Project object */;
}
